
Microsoft Visual Studio Solution File, Format Version 12.00
# Visual Studio Version 17
VisualStudioVersion = 17.9.34902.65
MinimumVisualStudioVersion = 10.0.40219.1
Project("{FAE04EC0-301F-11D3-BF4B-00C04F79EFBC}") = "Assignment3.4", "Assignment3.4\Assignment3.4.csproj", "{829E6412-A0E8-41C4-AFF6-4F825449D58B}"
EndProject
Global
	GlobalSection(SolutionConfigurationPlatforms) = preSolution
		Debug|Any CPU = Debug|Any CPU
		Release|Any CPU = Release|Any CPU
	EndGlobalSection
	GlobalSection(ProjectConfigurationPlatforms) = postSolution
		{829E6412-A0E8-41C4-AFF6-4F825449D58B}.Debug|Any CPU.ActiveCfg = Debug|Any CPU
		{829E6412-A0E8-41C4-AFF6-4F825449D58B}.Debug|Any CPU.Build.0 = Debug|Any CPU
		{829E6412-A0E8-41C4-AFF6-4F825449D58B}.Release|Any CPU.ActiveCfg = Release|Any CPU
		{829E6412-A0E8-41C4-AFF6-4F825449D58B}.Release|Any CPU.Build.0 = Release|Any CPU
	EndGlobalSection
	GlobalSection(SolutionProperties) = preSolution
		HideSolutionNode = FALSE
	EndGlobalSection
	GlobalSection(ExtensibilityGlobals) = postSolution
		SolutionGuid = {20BD3058-02B5-430B-BC05-F2A31DC2974F}
	EndGlobalSection
EndGlobal
