
Microsoft Visual Studio Solution File, Format Version 12.00
# Visual Studio Version 17
VisualStudioVersion = 17.9.34902.65
MinimumVisualStudioVersion = 10.0.40219.1
Project("{FAE04EC0-301F-11D3-BF4B-00C04F79EFBC}") = "Assignment4.2", "Assignment4.2\Assignment4.2.csproj", "{98D440FA-229F-464F-8BDE-A9110A28633C}"
EndProject
Global
	GlobalSection(SolutionConfigurationPlatforms) = preSolution
		Debug|Any CPU = Debug|Any CPU
		Release|Any CPU = Release|Any CPU
	EndGlobalSection
	GlobalSection(ProjectConfigurationPlatforms) = postSolution
		{98D440FA-229F-464F-8BDE-A9110A28633C}.Debug|Any CPU.ActiveCfg = Debug|Any CPU
		{98D440FA-229F-464F-8BDE-A9110A28633C}.Debug|Any CPU.Build.0 = Debug|Any CPU
		{98D440FA-229F-464F-8BDE-A9110A28633C}.Release|Any CPU.ActiveCfg = Release|Any CPU
		{98D440FA-229F-464F-8BDE-A9110A28633C}.Release|Any CPU.Build.0 = Release|Any CPU
	EndGlobalSection
	GlobalSection(SolutionProperties) = preSolution
		HideSolutionNode = FALSE
	EndGlobalSection
	GlobalSection(ExtensibilityGlobals) = postSolution
		SolutionGuid = {7CC86C1A-B029-4D8B-9EC7-9526C999FC47}
	EndGlobalSection
EndGlobal
