
Microsoft Visual Studio Solution File, Format Version 12.00
# Visual Studio Version 17
VisualStudioVersion = 17.9.34728.123
MinimumVisualStudioVersion = 10.0.40219.1
Project("{FAE04EC0-301F-11D3-BF4B-00C04F79EFBC}") = "Assignment2.2", "Assignment2.2\Assignment2.2.csproj", "{CB56587D-3225-4156-988B-5A013A851F75}"
EndProject
Global
	GlobalSection(SolutionConfigurationPlatforms) = preSolution
		Debug|Any CPU = Debug|Any CPU
		Release|Any CPU = Release|Any CPU
	EndGlobalSection
	GlobalSection(ProjectConfigurationPlatforms) = postSolution
		{CB56587D-3225-4156-988B-5A013A851F75}.Debug|Any CPU.ActiveCfg = Debug|Any CPU
		{CB56587D-3225-4156-988B-5A013A851F75}.Debug|Any CPU.Build.0 = Debug|Any CPU
		{CB56587D-3225-4156-988B-5A013A851F75}.Release|Any CPU.ActiveCfg = Release|Any CPU
		{CB56587D-3225-4156-988B-5A013A851F75}.Release|Any CPU.Build.0 = Release|Any CPU
	EndGlobalSection
	GlobalSection(SolutionProperties) = preSolution
		HideSolutionNode = FALSE
	EndGlobalSection
	GlobalSection(ExtensibilityGlobals) = postSolution
		SolutionGuid = {91553B99-E162-4CC1-8BF5-DCC6DD76D36C}
	EndGlobalSection
EndGlobal
