
Microsoft Visual Studio Solution File, Format Version 12.00
# Visual Studio Version 17
VisualStudioVersion = 17.9.34902.65
MinimumVisualStudioVersion = 10.0.40219.1
Project("{FAE04EC0-301F-11D3-BF4B-00C04F79EFBC}") = "Assignment5.2.1", "Assignment5.2.1\Assignment5.2.1.csproj", "{294D6DB2-E0FC-458A-B6B2-6B69721C13FF}"
EndProject
Project("{FAE04EC0-301F-11D3-BF4B-00C04F79EFBC}") = "Assignment5.2.2", "Assignment5.2.2\Assignment5.2.2.csproj", "{52B88A1C-E651-4EB5-B7F8-14387DA8C42F}"
EndProject
Project("{FAE04EC0-301F-11D3-BF4B-00C04F79EFBC}") = "Assignment5.2.3", "Assignment5.2.3\Assignment5.2.3.csproj", "{9243ECCE-5845-40A9-88D3-664ABB7CB8E8}"
EndProject
Project("{FAE04EC0-301F-11D3-BF4B-00C04F79EFBC}") = "Assignment5.2.4", "Assignment5.2.4\Assignment5.2.4.csproj", "{CCDD4791-C949-4337-BB8E-5B849A53EE7E}"
EndProject
Global
	GlobalSection(SolutionConfigurationPlatforms) = preSolution
		Debug|Any CPU = Debug|Any CPU
		Release|Any CPU = Release|Any CPU
	EndGlobalSection
	GlobalSection(ProjectConfigurationPlatforms) = postSolution
		{294D6DB2-E0FC-458A-B6B2-6B69721C13FF}.Debug|Any CPU.ActiveCfg = Debug|Any CPU
		{294D6DB2-E0FC-458A-B6B2-6B69721C13FF}.Debug|Any CPU.Build.0 = Debug|Any CPU
		{294D6DB2-E0FC-458A-B6B2-6B69721C13FF}.Release|Any CPU.ActiveCfg = Release|Any CPU
		{294D6DB2-E0FC-458A-B6B2-6B69721C13FF}.Release|Any CPU.Build.0 = Release|Any CPU
		{52B88A1C-E651-4EB5-B7F8-14387DA8C42F}.Debug|Any CPU.ActiveCfg = Debug|Any CPU
		{52B88A1C-E651-4EB5-B7F8-14387DA8C42F}.Debug|Any CPU.Build.0 = Debug|Any CPU
		{52B88A1C-E651-4EB5-B7F8-14387DA8C42F}.Release|Any CPU.ActiveCfg = Release|Any CPU
		{52B88A1C-E651-4EB5-B7F8-14387DA8C42F}.Release|Any CPU.Build.0 = Release|Any CPU
		{9243ECCE-5845-40A9-88D3-664ABB7CB8E8}.Debug|Any CPU.ActiveCfg = Debug|Any CPU
		{9243ECCE-5845-40A9-88D3-664ABB7CB8E8}.Debug|Any CPU.Build.0 = Debug|Any CPU
		{9243ECCE-5845-40A9-88D3-664ABB7CB8E8}.Release|Any CPU.ActiveCfg = Release|Any CPU
		{9243ECCE-5845-40A9-88D3-664ABB7CB8E8}.Release|Any CPU.Build.0 = Release|Any CPU
		{CCDD4791-C949-4337-BB8E-5B849A53EE7E}.Debug|Any CPU.ActiveCfg = Debug|Any CPU
		{CCDD4791-C949-4337-BB8E-5B849A53EE7E}.Debug|Any CPU.Build.0 = Debug|Any CPU
		{CCDD4791-C949-4337-BB8E-5B849A53EE7E}.Release|Any CPU.ActiveCfg = Release|Any CPU
		{CCDD4791-C949-4337-BB8E-5B849A53EE7E}.Release|Any CPU.Build.0 = Release|Any CPU
	EndGlobalSection
	GlobalSection(SolutionProperties) = preSolution
		HideSolutionNode = FALSE
	EndGlobalSection
	GlobalSection(ExtensibilityGlobals) = postSolution
		SolutionGuid = {444508C2-62AE-4C87-9FF7-B89C77C71785}
	EndGlobalSection
EndGlobal
