
Microsoft Visual Studio Solution File, Format Version 12.00
# Visual Studio Version 17
VisualStudioVersion = 17.10.34928.147
MinimumVisualStudioVersion = 10.0.40219.1
Project("{FAE04EC0-301F-11D3-BF4B-00C04F79EFBC}") = "Assignment6.1.1", "Assignment6.1.1\Assignment6.1.1.csproj", "{CEDF19BF-D236-4472-B01A-D4F7BC4F461C}"
EndProject
Project("{FAE04EC0-301F-11D3-BF4B-00C04F79EFBC}") = "Assignment6.1.3", "Assignment6.1.3\Assignment6.1.3.csproj", "{2E3F01F9-F1B4-4E64-8E0E-CDA8E457D0D6}"
EndProject
Global
	GlobalSection(SolutionConfigurationPlatforms) = preSolution
		Debug|Any CPU = Debug|Any CPU
		Release|Any CPU = Release|Any CPU
	EndGlobalSection
	GlobalSection(ProjectConfigurationPlatforms) = postSolution
		{CEDF19BF-D236-4472-B01A-D4F7BC4F461C}.Debug|Any CPU.ActiveCfg = Debug|Any CPU
		{CEDF19BF-D236-4472-B01A-D4F7BC4F461C}.Debug|Any CPU.Build.0 = Debug|Any CPU
		{CEDF19BF-D236-4472-B01A-D4F7BC4F461C}.Release|Any CPU.ActiveCfg = Release|Any CPU
		{CEDF19BF-D236-4472-B01A-D4F7BC4F461C}.Release|Any CPU.Build.0 = Release|Any CPU
		{2E3F01F9-F1B4-4E64-8E0E-CDA8E457D0D6}.Debug|Any CPU.ActiveCfg = Debug|Any CPU
		{2E3F01F9-F1B4-4E64-8E0E-CDA8E457D0D6}.Debug|Any CPU.Build.0 = Debug|Any CPU
		{2E3F01F9-F1B4-4E64-8E0E-CDA8E457D0D6}.Release|Any CPU.ActiveCfg = Release|Any CPU
		{2E3F01F9-F1B4-4E64-8E0E-CDA8E457D0D6}.Release|Any CPU.Build.0 = Release|Any CPU
	EndGlobalSection
	GlobalSection(SolutionProperties) = preSolution
		HideSolutionNode = FALSE
	EndGlobalSection
	GlobalSection(ExtensibilityGlobals) = postSolution
		SolutionGuid = {A8B7ACFE-970F-4A7D-97FC-7031F7149688}
	EndGlobalSection
EndGlobal
