
Microsoft Visual Studio Solution File, Format Version 12.00
# Visual Studio Version 17
VisualStudioVersion = 17.9.34728.123
MinimumVisualStudioVersion = 10.0.40219.1
Project("{FAE04EC0-301F-11D3-BF4B-00C04F79EFBC}") = "Assignment1.2.3", "Assignment1.2.3\Assignment1.2.3.csproj", "{A7F7B44B-24CD-455D-9BAE-BF8EA0E57BFF}"
EndProject
Global
	GlobalSection(SolutionConfigurationPlatforms) = preSolution
		Debug|Any CPU = Debug|Any CPU
		Release|Any CPU = Release|Any CPU
	EndGlobalSection
	GlobalSection(ProjectConfigurationPlatforms) = postSolution
		{A7F7B44B-24CD-455D-9BAE-BF8EA0E57BFF}.Debug|Any CPU.ActiveCfg = Debug|Any CPU
		{A7F7B44B-24CD-455D-9BAE-BF8EA0E57BFF}.Debug|Any CPU.Build.0 = Debug|Any CPU
		{A7F7B44B-24CD-455D-9BAE-BF8EA0E57BFF}.Release|Any CPU.ActiveCfg = Release|Any CPU
		{A7F7B44B-24CD-455D-9BAE-BF8EA0E57BFF}.Release|Any CPU.Build.0 = Release|Any CPU
	EndGlobalSection
	GlobalSection(SolutionProperties) = preSolution
		HideSolutionNode = FALSE
	EndGlobalSection
	GlobalSection(ExtensibilityGlobals) = postSolution
		SolutionGuid = {8C8C0ACA-13BF-450D-A535-DC3DDB4FE528}
	EndGlobalSection
EndGlobal
