
Microsoft Visual Studio Solution File, Format Version 12.00
# Visual Studio Version 17
VisualStudioVersion = 17.9.34902.65
MinimumVisualStudioVersion = 10.0.40219.1
Project("{9A19103F-16F7-4668-BE54-9A1E7A4F7556}") = "Assignment3.3.1", "Assignment3.3.1\Assignment3.3.1.csproj", "{A34E5D44-39F0-46AE-AF6F-04EDB0F68FA7}"
EndProject
Project("{9A19103F-16F7-4668-BE54-9A1E7A4F7556}") = "Assignment3.3.2_MVVM", "Assignment3.3.2_MVVM\Assignment3.3.2_MVVM\Assignment3.3.2_MVVM.csproj", "{4FEB0D79-2D31-412C-9EE3-5C80A896950C}"
EndProject
Global
	GlobalSection(SolutionConfigurationPlatforms) = preSolution
		Debug|Any CPU = Debug|Any CPU
		Release|Any CPU = Release|Any CPU
	EndGlobalSection
	GlobalSection(ProjectConfigurationPlatforms) = postSolution
		{A34E5D44-39F0-46AE-AF6F-04EDB0F68FA7}.Debug|Any CPU.ActiveCfg = Debug|Any CPU
		{A34E5D44-39F0-46AE-AF6F-04EDB0F68FA7}.Debug|Any CPU.Build.0 = Debug|Any CPU
		{A34E5D44-39F0-46AE-AF6F-04EDB0F68FA7}.Release|Any CPU.ActiveCfg = Release|Any CPU
		{A34E5D44-39F0-46AE-AF6F-04EDB0F68FA7}.Release|Any CPU.Build.0 = Release|Any CPU
		{4FEB0D79-2D31-412C-9EE3-5C80A896950C}.Debug|Any CPU.ActiveCfg = Debug|Any CPU
		{4FEB0D79-2D31-412C-9EE3-5C80A896950C}.Debug|Any CPU.Build.0 = Debug|Any CPU
		{4FEB0D79-2D31-412C-9EE3-5C80A896950C}.Release|Any CPU.ActiveCfg = Release|Any CPU
		{4FEB0D79-2D31-412C-9EE3-5C80A896950C}.Release|Any CPU.Build.0 = Release|Any CPU
	EndGlobalSection
	GlobalSection(SolutionProperties) = preSolution
		HideSolutionNode = FALSE
	EndGlobalSection
	GlobalSection(ExtensibilityGlobals) = postSolution
		SolutionGuid = {6DEC9AF1-2738-4433-BA7A-42A4122A98F5}
	EndGlobalSection
EndGlobal
