
Microsoft Visual Studio Solution File, Format Version 12.00
# Visual Studio Version 17
VisualStudioVersion = 17.9.34902.65
MinimumVisualStudioVersion = 10.0.40219.1
Project("{9A19103F-16F7-4668-BE54-9A1E7A4F7556}") = "Assignment4.1.1", "Assignment4.1.1\Assignment4.1.1.csproj", "{E74A1843-3EBD-4538-8573-D09247485ED4}"
EndProject
Project("{FAE04EC0-301F-11D3-BF4B-00C04F79EFBC}") = "Assignment4.1.2", "Assignment4.1.2\Assignment4.1.2.csproj", "{06337173-EC4B-469F-9B06-55FAB3A5FD70}"
EndProject
Global
	GlobalSection(SolutionConfigurationPlatforms) = preSolution
		Debug|Any CPU = Debug|Any CPU
		Release|Any CPU = Release|Any CPU
	EndGlobalSection
	GlobalSection(ProjectConfigurationPlatforms) = postSolution
		{E74A1843-3EBD-4538-8573-D09247485ED4}.Debug|Any CPU.ActiveCfg = Debug|Any CPU
		{E74A1843-3EBD-4538-8573-D09247485ED4}.Debug|Any CPU.Build.0 = Debug|Any CPU
		{E74A1843-3EBD-4538-8573-D09247485ED4}.Release|Any CPU.ActiveCfg = Release|Any CPU
		{E74A1843-3EBD-4538-8573-D09247485ED4}.Release|Any CPU.Build.0 = Release|Any CPU
		{06337173-EC4B-469F-9B06-55FAB3A5FD70}.Debug|Any CPU.ActiveCfg = Debug|Any CPU
		{06337173-EC4B-469F-9B06-55FAB3A5FD70}.Debug|Any CPU.Build.0 = Debug|Any CPU
		{06337173-EC4B-469F-9B06-55FAB3A5FD70}.Release|Any CPU.ActiveCfg = Release|Any CPU
		{06337173-EC4B-469F-9B06-55FAB3A5FD70}.Release|Any CPU.Build.0 = Release|Any CPU
	EndGlobalSection
	GlobalSection(SolutionProperties) = preSolution
		HideSolutionNode = FALSE
	EndGlobalSection
	GlobalSection(ExtensibilityGlobals) = postSolution
		SolutionGuid = {9C510DDC-3163-499C-9263-E0A953D97EAB}
	EndGlobalSection
EndGlobal
