
Microsoft Visual Studio Solution File, Format Version 12.00
# Visual Studio Version 17
VisualStudioVersion = 17.10.34928.147
MinimumVisualStudioVersion = 10.0.40219.1
Project("{FAE04EC0-301F-11D3-BF4B-00C04F79EFBC}") = "Assignment6.3", "Assignment6.3\Assignment6.3.csproj", "{5BDA06C3-C784-4BB7-AB2D-6E3354E31086}"
EndProject
Global
	GlobalSection(SolutionConfigurationPlatforms) = preSolution
		Debug|Any CPU = Debug|Any CPU
		Release|Any CPU = Release|Any CPU
	EndGlobalSection
	GlobalSection(ProjectConfigurationPlatforms) = postSolution
		{5BDA06C3-C784-4BB7-AB2D-6E3354E31086}.Debug|Any CPU.ActiveCfg = Debug|Any CPU
		{5BDA06C3-C784-4BB7-AB2D-6E3354E31086}.Debug|Any CPU.Build.0 = Debug|Any CPU
		{5BDA06C3-C784-4BB7-AB2D-6E3354E31086}.Release|Any CPU.ActiveCfg = Release|Any CPU
		{5BDA06C3-C784-4BB7-AB2D-6E3354E31086}.Release|Any CPU.Build.0 = Release|Any CPU
	EndGlobalSection
	GlobalSection(SolutionProperties) = preSolution
		HideSolutionNode = FALSE
	EndGlobalSection
	GlobalSection(ExtensibilityGlobals) = postSolution
		SolutionGuid = {A7B50915-BCB9-4B33-A642-51158ADDDE93}
	EndGlobalSection
EndGlobal
