
Microsoft Visual Studio Solution File, Format Version 12.00
# Visual Studio Version 17
VisualStudioVersion = 17.9.34902.65
MinimumVisualStudioVersion = 10.0.40219.1
Project("{FAE04EC0-301F-11D3-BF4B-00C04F79EFBC}") = "Assignment5.1.1", "Assignment5.1.1\Assignment5.1.1.csproj", "{986D5705-43D1-47A6-A7BF-09281AA074C2}"
EndProject
Project("{FAE04EC0-301F-11D3-BF4B-00C04F79EFBC}") = "Assignment5.1.2", "Assignment5.1.2\Assignment5.1.2.csproj", "{FC801271-08AB-4A82-BC0C-C7E2E850A75F}"
EndProject
Project("{FAE04EC0-301F-11D3-BF4B-00C04F79EFBC}") = "Assignment5.1.3", "Assignment5.1.3\Assignment5.1.3.csproj", "{C521AFF2-A495-4310-B1BB-B820B5730F26}"
EndProject
Global
	GlobalSection(SolutionConfigurationPlatforms) = preSolution
		Debug|Any CPU = Debug|Any CPU
		Release|Any CPU = Release|Any CPU
	EndGlobalSection
	GlobalSection(ProjectConfigurationPlatforms) = postSolution
		{986D5705-43D1-47A6-A7BF-09281AA074C2}.Debug|Any CPU.ActiveCfg = Debug|Any CPU
		{986D5705-43D1-47A6-A7BF-09281AA074C2}.Debug|Any CPU.Build.0 = Debug|Any CPU
		{986D5705-43D1-47A6-A7BF-09281AA074C2}.Release|Any CPU.ActiveCfg = Release|Any CPU
		{986D5705-43D1-47A6-A7BF-09281AA074C2}.Release|Any CPU.Build.0 = Release|Any CPU
		{FC801271-08AB-4A82-BC0C-C7E2E850A75F}.Debug|Any CPU.ActiveCfg = Debug|Any CPU
		{FC801271-08AB-4A82-BC0C-C7E2E850A75F}.Debug|Any CPU.Build.0 = Debug|Any CPU
		{FC801271-08AB-4A82-BC0C-C7E2E850A75F}.Release|Any CPU.ActiveCfg = Release|Any CPU
		{FC801271-08AB-4A82-BC0C-C7E2E850A75F}.Release|Any CPU.Build.0 = Release|Any CPU
		{C521AFF2-A495-4310-B1BB-B820B5730F26}.Debug|Any CPU.ActiveCfg = Debug|Any CPU
		{C521AFF2-A495-4310-B1BB-B820B5730F26}.Debug|Any CPU.Build.0 = Debug|Any CPU
		{C521AFF2-A495-4310-B1BB-B820B5730F26}.Release|Any CPU.ActiveCfg = Release|Any CPU
		{C521AFF2-A495-4310-B1BB-B820B5730F26}.Release|Any CPU.Build.0 = Release|Any CPU
	EndGlobalSection
	GlobalSection(SolutionProperties) = preSolution
		HideSolutionNode = FALSE
	EndGlobalSection
	GlobalSection(ExtensibilityGlobals) = postSolution
		SolutionGuid = {D256E4CB-19A7-488D-960E-144118A9A883}
	EndGlobalSection
EndGlobal
