
Microsoft Visual Studio Solution File, Format Version 12.00
# Visual Studio Version 17
VisualStudioVersion = 17.10.35004.147
MinimumVisualStudioVersion = 10.0.40219.1
Project("{FAE04EC0-301F-11D3-BF4B-00C04F79EFBC}") = "Assignment7.2.1", "Assignment7.2.1\Assignment7.2.1.csproj", "{2826EF71-0142-4158-B36F-557F281AE387}"
EndProject
Project("{FAE04EC0-301F-11D3-BF4B-00C04F79EFBC}") = "Assignment7.2.2", "Assignment7.2.2\Assignment7.2.2.csproj", "{DE4C2356-869D-4F03-9289-D0847D8E3390}"
EndProject
Project("{FAE04EC0-301F-11D3-BF4B-00C04F79EFBC}") = "Assignment7.2.3", "Assignment7.2.3\Assignment7.2.3.csproj", "{7DBD5958-1C4C-43A6-8DA4-72BD6E86C495}"
EndProject
Global
	GlobalSection(SolutionConfigurationPlatforms) = preSolution
		Debug|Any CPU = Debug|Any CPU
		Release|Any CPU = Release|Any CPU
	EndGlobalSection
	GlobalSection(ProjectConfigurationPlatforms) = postSolution
		{2826EF71-0142-4158-B36F-557F281AE387}.Debug|Any CPU.ActiveCfg = Debug|Any CPU
		{2826EF71-0142-4158-B36F-557F281AE387}.Debug|Any CPU.Build.0 = Debug|Any CPU
		{2826EF71-0142-4158-B36F-557F281AE387}.Release|Any CPU.ActiveCfg = Release|Any CPU
		{2826EF71-0142-4158-B36F-557F281AE387}.Release|Any CPU.Build.0 = Release|Any CPU
		{DE4C2356-869D-4F03-9289-D0847D8E3390}.Debug|Any CPU.ActiveCfg = Debug|Any CPU
		{DE4C2356-869D-4F03-9289-D0847D8E3390}.Debug|Any CPU.Build.0 = Debug|Any CPU
		{DE4C2356-869D-4F03-9289-D0847D8E3390}.Release|Any CPU.ActiveCfg = Release|Any CPU
		{DE4C2356-869D-4F03-9289-D0847D8E3390}.Release|Any CPU.Build.0 = Release|Any CPU
		{7DBD5958-1C4C-43A6-8DA4-72BD6E86C495}.Debug|Any CPU.ActiveCfg = Debug|Any CPU
		{7DBD5958-1C4C-43A6-8DA4-72BD6E86C495}.Debug|Any CPU.Build.0 = Debug|Any CPU
		{7DBD5958-1C4C-43A6-8DA4-72BD6E86C495}.Release|Any CPU.ActiveCfg = Release|Any CPU
		{7DBD5958-1C4C-43A6-8DA4-72BD6E86C495}.Release|Any CPU.Build.0 = Release|Any CPU
	EndGlobalSection
	GlobalSection(SolutionProperties) = preSolution
		HideSolutionNode = FALSE
	EndGlobalSection
	GlobalSection(ExtensibilityGlobals) = postSolution
		SolutionGuid = {09856B55-294E-43C5-846C-4E692179B519}
	EndGlobalSection
EndGlobal
