
Microsoft Visual Studio Solution File, Format Version 12.00
# Visual Studio Version 17
VisualStudioVersion = 17.9.34902.65
MinimumVisualStudioVersion = 10.0.40219.1
Project("{9A19103F-16F7-4668-BE54-9A1E7A4F7556}") = "Assignment3.2.1", "Assignment3.2.1\Assignment3.2.1.csproj", "{A0A0F51C-2E60-4CBF-9A76-0FBCFB453DC0}"
EndProject
Project("{9A19103F-16F7-4668-BE54-9A1E7A4F7556}") = "Assignment3.2.2", "Assignment3.2.2\Assignment3.2.2.csproj", "{9E2D5C4A-D424-4FCE-AA3E-51D823F01F10}"
EndProject
Project("{9A19103F-16F7-4668-BE54-9A1E7A4F7556}") = "Assignment3.2.3", "Assignment3.2.3\Assignment3.2.3.csproj", "{BE9ACEEF-BDD7-4CE6-A80B-3BF6EAC9907E}"
EndProject
Project("{FAE04EC0-301F-11D3-BF4B-00C04F79EFBC}") = "Assignment3.2.4", "Assignment3.2.4\Assignment3.2.4.csproj", "{E622483C-224D-44C5-B019-8C23027CB10C}"
EndProject
Project("{FAE04EC0-301F-11D3-BF4B-00C04F79EFBC}") = "Assignment3.2.5", "Assignment3.2.5\Assignment3.2.5.csproj", "{5FD99967-6C77-4284-BAD0-3CBDBA8462F2}"
EndProject
Global
	GlobalSection(SolutionConfigurationPlatforms) = preSolution
		Debug|Any CPU = Debug|Any CPU
		Release|Any CPU = Release|Any CPU
	EndGlobalSection
	GlobalSection(ProjectConfigurationPlatforms) = postSolution
		{A0A0F51C-2E60-4CBF-9A76-0FBCFB453DC0}.Debug|Any CPU.ActiveCfg = Debug|Any CPU
		{A0A0F51C-2E60-4CBF-9A76-0FBCFB453DC0}.Debug|Any CPU.Build.0 = Debug|Any CPU
		{A0A0F51C-2E60-4CBF-9A76-0FBCFB453DC0}.Release|Any CPU.ActiveCfg = Release|Any CPU
		{A0A0F51C-2E60-4CBF-9A76-0FBCFB453DC0}.Release|Any CPU.Build.0 = Release|Any CPU
		{9E2D5C4A-D424-4FCE-AA3E-51D823F01F10}.Debug|Any CPU.ActiveCfg = Debug|Any CPU
		{9E2D5C4A-D424-4FCE-AA3E-51D823F01F10}.Debug|Any CPU.Build.0 = Debug|Any CPU
		{9E2D5C4A-D424-4FCE-AA3E-51D823F01F10}.Release|Any CPU.ActiveCfg = Release|Any CPU
		{9E2D5C4A-D424-4FCE-AA3E-51D823F01F10}.Release|Any CPU.Build.0 = Release|Any CPU
		{BE9ACEEF-BDD7-4CE6-A80B-3BF6EAC9907E}.Debug|Any CPU.ActiveCfg = Debug|Any CPU
		{BE9ACEEF-BDD7-4CE6-A80B-3BF6EAC9907E}.Debug|Any CPU.Build.0 = Debug|Any CPU
		{BE9ACEEF-BDD7-4CE6-A80B-3BF6EAC9907E}.Release|Any CPU.ActiveCfg = Release|Any CPU
		{BE9ACEEF-BDD7-4CE6-A80B-3BF6EAC9907E}.Release|Any CPU.Build.0 = Release|Any CPU
		{E622483C-224D-44C5-B019-8C23027CB10C}.Debug|Any CPU.ActiveCfg = Debug|Any CPU
		{E622483C-224D-44C5-B019-8C23027CB10C}.Debug|Any CPU.Build.0 = Debug|Any CPU
		{E622483C-224D-44C5-B019-8C23027CB10C}.Release|Any CPU.ActiveCfg = Release|Any CPU
		{E622483C-224D-44C5-B019-8C23027CB10C}.Release|Any CPU.Build.0 = Release|Any CPU
		{5FD99967-6C77-4284-BAD0-3CBDBA8462F2}.Debug|Any CPU.ActiveCfg = Debug|Any CPU
		{5FD99967-6C77-4284-BAD0-3CBDBA8462F2}.Debug|Any CPU.Build.0 = Debug|Any CPU
		{5FD99967-6C77-4284-BAD0-3CBDBA8462F2}.Release|Any CPU.ActiveCfg = Release|Any CPU
		{5FD99967-6C77-4284-BAD0-3CBDBA8462F2}.Release|Any CPU.Build.0 = Release|Any CPU
	EndGlobalSection
	GlobalSection(SolutionProperties) = preSolution
		HideSolutionNode = FALSE
	EndGlobalSection
	GlobalSection(ExtensibilityGlobals) = postSolution
		SolutionGuid = {B9C09531-D583-476B-90AE-A4CEA6FE0767}
	EndGlobalSection
EndGlobal
