
Microsoft Visual Studio Solution File, Format Version 12.00
# Visual Studio Version 17
VisualStudioVersion = 17.9.34728.123
MinimumVisualStudioVersion = 10.0.40219.1
Project("{9A19103F-16F7-4668-BE54-9A1E7A4F7556}") = "Assignment1.2.1", "Assignment1.2.1\Assignment1.2.1\Assignment1.2.1.csproj", "{7C600014-11E6-4104-8AEE-0C4C34F962B1}"
EndProject
Project("{9A19103F-16F7-4668-BE54-9A1E7A4F7556}") = "Assignment1.2.2", "Assignment1.2.2\Assignment1.2.2\Assignment1.2.2.csproj", "{2A82DF24-6C45-49FF-9840-0E2081215E6E}"
EndProject
Project("{9A19103F-16F7-4668-BE54-9A1E7A4F7556}") = "Assignment1.2.3", "Assignment1.2.3\Assignment1.2.3\Assignment1.2.3.csproj", "{8DEDBCAF-15E5-496D-99DB-5F2136012C88}"
EndProject
Global
	GlobalSection(SolutionConfigurationPlatforms) = preSolution
		Debug|Any CPU = Debug|Any CPU
		Release|Any CPU = Release|Any CPU
	EndGlobalSection
	GlobalSection(ProjectConfigurationPlatforms) = postSolution
		{7C600014-11E6-4104-8AEE-0C4C34F962B1}.Debug|Any CPU.ActiveCfg = Debug|Any CPU
		{7C600014-11E6-4104-8AEE-0C4C34F962B1}.Debug|Any CPU.Build.0 = Debug|Any CPU
		{7C600014-11E6-4104-8AEE-0C4C34F962B1}.Release|Any CPU.ActiveCfg = Release|Any CPU
		{7C600014-11E6-4104-8AEE-0C4C34F962B1}.Release|Any CPU.Build.0 = Release|Any CPU
		{2A82DF24-6C45-49FF-9840-0E2081215E6E}.Debug|Any CPU.ActiveCfg = Debug|Any CPU
		{2A82DF24-6C45-49FF-9840-0E2081215E6E}.Debug|Any CPU.Build.0 = Debug|Any CPU
		{2A82DF24-6C45-49FF-9840-0E2081215E6E}.Release|Any CPU.ActiveCfg = Release|Any CPU
		{2A82DF24-6C45-49FF-9840-0E2081215E6E}.Release|Any CPU.Build.0 = Release|Any CPU
		{8DEDBCAF-15E5-496D-99DB-5F2136012C88}.Debug|Any CPU.ActiveCfg = Debug|Any CPU
		{8DEDBCAF-15E5-496D-99DB-5F2136012C88}.Debug|Any CPU.Build.0 = Debug|Any CPU
		{8DEDBCAF-15E5-496D-99DB-5F2136012C88}.Release|Any CPU.ActiveCfg = Release|Any CPU
		{8DEDBCAF-15E5-496D-99DB-5F2136012C88}.Release|Any CPU.Build.0 = Release|Any CPU
	EndGlobalSection
	GlobalSection(SolutionProperties) = preSolution
		HideSolutionNode = FALSE
	EndGlobalSection
	GlobalSection(ExtensibilityGlobals) = postSolution
		SolutionGuid = {610EF2E1-222F-4CA8-B008-F8C7F8AEB183}
	EndGlobalSection
EndGlobal
