
Microsoft Visual Studio Solution File, Format Version 12.00
# Visual Studio Version 17
VisualStudioVersion = 17.10.35004.147
MinimumVisualStudioVersion = 10.0.40219.1
Project("{FAE04EC0-301F-11D3-BF4B-00C04F79EFBC}") = "Assignment7.3", "Assignment7.3\Assignment7.3.csproj", "{5AD1CA48-F1EF-49E4-986F-BBF7BB17BBF9}"
EndProject
Global
	GlobalSection(SolutionConfigurationPlatforms) = preSolution
		Debug|Any CPU = Debug|Any CPU
		Release|Any CPU = Release|Any CPU
	EndGlobalSection
	GlobalSection(ProjectConfigurationPlatforms) = postSolution
		{5AD1CA48-F1EF-49E4-986F-BBF7BB17BBF9}.Debug|Any CPU.ActiveCfg = Debug|Any CPU
		{5AD1CA48-F1EF-49E4-986F-BBF7BB17BBF9}.Debug|Any CPU.Build.0 = Debug|Any CPU
		{5AD1CA48-F1EF-49E4-986F-BBF7BB17BBF9}.Release|Any CPU.ActiveCfg = Release|Any CPU
		{5AD1CA48-F1EF-49E4-986F-BBF7BB17BBF9}.Release|Any CPU.Build.0 = Release|Any CPU
	EndGlobalSection
	GlobalSection(SolutionProperties) = preSolution
		HideSolutionNode = FALSE
	EndGlobalSection
	GlobalSection(ExtensibilityGlobals) = postSolution
		SolutionGuid = {29345DF1-F571-4137-B936-C8A72B069B9B}
	EndGlobalSection
EndGlobal
